// !$*UTF8*$!
{
	archiveVersion = 1;
	classes = {
	};
	objectVersion = 56;
	objects = {

/* Begin PBXBuildFile section */
		7727949E2D18B00600FE615B /* FirstAidGuideApp.swift in Sources */ = {isa = PBXBuildFile; fileRef = 7727949D2D18B00600FE615B /* FirstAidGuideApp.swift */; };
		772794A02D18B00600FE615B /* ContentView.swift in Sources */ = {isa = PBXBuildFile; fileRef = 7727949F2D18B00600FE615B /* ContentView.swift */; };
		772794A22D18B00700FE615B /* Assets.xcassets in Resources */ = {isa = PBXBuildFile; fileRef = 772794A12D18B00700FE615B /* Assets.xcassets */; };
		772794A52D18B00700FE615B /* Preview Assets.xcassets in Resources */ = {isa = PBXBuildFile; fileRef = 772794A42D18B00700FE615B /* Preview Assets.xcassets */; };
		772794AC2D18B03E00FE615B /* EmergencyContactView.swift in Sources */ = {isa = PBXBuildFile; fileRef = 772794AB2D18B03E00FE615B /* EmergencyContactView.swift */; };
		772794AE2D18B06B00FE615B /* EmergencyInfoView.swift in Sources */ = {isa = PBXBuildFile; fileRef = 772794AD2D18B06B00FE615B /* EmergencyInfoView.swift */; };
		772794B02D18B0A500FE615B /* FavoritesView.swift in Sources */ = {isa = PBXBuildFile; fileRef = 772794AF2D18B0A500FE615B /* FavoritesView.swift */; };
		772794B22D18B0F600FE615B /* SearchBar.swift in Sources */ = {isa = PBXBuildFile; fileRef = 772794B12D18B0F500FE615B /* SearchBar.swift */; };
		772794B42D18B0FE00FE615B /* Tabs.swift in Sources */ = {isa = PBXBuildFile; fileRef = 772794B32D18B0FE00FE615B /* Tabs.swift */; };
		772794B92D18B10A00FE615B /* Techniques.swift in Sources */ = {isa = PBXBuildFile; fileRef = 772794B52D18B10A00FE615B /* Techniques.swift */; };
		772794BA2D18B10A00FE615B /* WhenToSeekHelpView.swift in Sources */ = {isa = PBXBuildFile; fileRef = 772794B62D18B10A00FE615B /* WhenToSeekHelpView.swift */; };
		772794BB2D18B10A00FE615B /* UserGuideView.swift in Sources */ = {isa = PBXBuildFile; fileRef = 772794B72D18B10A00FE615B /* UserGuideView.swift */; };
		772794BC2D18B10A00FE615B /* techniquesDetailView.swift in Sources */ = {isa = PBXBuildFile; fileRef = 772794B82D18B10A00FE615B /* techniquesDetailView.swift */; };
		772794BE2D18B4D100FE615B /* Launch Screen.storyboard in Resources */ = {isa = PBXBuildFile; fileRef = 772794BD2D18B4D100FE615B /* Launch Screen.storyboard */; };
		7744BE9F2D19ABE8007AD3CF /* VoiceAssistance.swift in Sources */ = {isa = PBXBuildFile; fileRef = 7744BE9E2D19ABE7007AD3CF /* VoiceAssistance.swift */; };
		776A936C2D1BFC8200BA5187 /* NotificationManager.swift in Sources */ = {isa = PBXBuildFile; fileRef = 776A936B2D1BFC8200BA5187 /* NotificationManager.swift */; };
		776A936E2D1BFF8900BA5187 /* ReminderView.swift in Sources */ = {isa = PBXBuildFile; fileRef = 776A936D2D1BFF8900BA5187 /* ReminderView.swift */; };
		776A93702D1C116400BA5187 /* ChecklistView.swift in Sources */ = {isa = PBXBuildFile; fileRef = 776A936F2D1C116400BA5187 /* ChecklistView.swift */; };
		77C876F42D282F76004A6C7B /* ChatbotAPI.swift in Sources */ = {isa = PBXBuildFile; fileRef = 77C876F32D282F76004A6C7B /* ChatbotAPI.swift */; };
		77E1FF9E2D1D8A0500993D59 /* ChatBotView.swift in Sources */ = {isa = PBXBuildFile; fileRef = 77E1FF9D2D1D8A0400993D59 /* ChatBotView.swift */; };
		77F59C782D1ADA6E0065FFD5 /* LocationManager.swift in Sources */ = {isa = PBXBuildFile; fileRef = 77F59C772D1ADA6E0065FFD5 /* LocationManager.swift */; };
		77F59C7A2D1ADFFB0065FFD5 /* NearbyServicesView.swift in Sources */ = {isa = PBXBuildFile; fileRef = 77F59C792D1ADFFB0065FFD5 /* NearbyServicesView.swift */; };
		77F59C7C2D1AE9790065FFD5 /* MenuView.swift in Sources */ = {isa = PBXBuildFile; fileRef = 77F59C7B2D1AE9790065FFD5 /* MenuView.swift */; };
		77F59C7E2D1AF1E30065FFD5 /* PharmacyView.swift in Sources */ = {isa = PBXBuildFile; fileRef = 77F59C7D2D1AF1E30065FFD5 /* PharmacyView.swift */; };
/* End PBXBuildFile section */

/* Begin PBXCopyFilesBuildPhase section */
		776A938D2D1C5A2500BA5187 /* Embed Foundation Extensions */ = {
			isa = PBXCopyFilesBuildPhase;
			buildActionMask = 2147483647;
			dstPath = "";
			dstSubfolderSpec = 13;
			files = (
			);
			name = "Embed Foundation Extensions";
			runOnlyForDeploymentPostprocessing = 0;
		};
/* End PBXCopyFilesBuildPhase section */

/* Begin PBXFileReference section */
		7727949A2D18B00600FE615B /* FirstAidGuide.app */ = {isa = PBXFileReference; explicitFileType = wrapper.application; includeInIndex = 0; path = FirstAidGuide.app; sourceTree = BUILT_PRODUCTS_DIR; };
		7727949D2D18B00600FE615B /* FirstAidGuideApp.swift */ = {isa = PBXFileReference; lastKnownFileType = sourcecode.swift; path = FirstAidGuideApp.swift; sourceTree = "<group>"; };
		7727949F2D18B00600FE615B /* ContentView.swift */ = {isa = PBXFileReference; lastKnownFileType = sourcecode.swift; path = ContentView.swift; sourceTree = "<group>"; };
		772794A12D18B00700FE615B /* Assets.xcassets */ = {isa = PBXFileReference; lastKnownFileType = folder.assetcatalog; path = Assets.xcassets; sourceTree = "<group>"; };
		772794A42D18B00700FE615B /* Preview Assets.xcassets */ = {isa = PBXFileReference; lastKnownFileType = folder.assetcatalog; path = "Preview Assets.xcassets"; sourceTree = "<group>"; };
		772794AB2D18B03E00FE615B /* EmergencyContactView.swift */ = {isa = PBXFileReference; lastKnownFileType = sourcecode.swift; path = EmergencyContactView.swift; sourceTree = "<group>"; };
		772794AD2D18B06B00FE615B /* EmergencyInfoView.swift */ = {isa = PBXFileReference; lastKnownFileType = sourcecode.swift; path = EmergencyInfoView.swift; sourceTree = "<group>"; };
		772794AF2D18B0A500FE615B /* FavoritesView.swift */ = {isa = PBXFileReference; lastKnownFileType = sourcecode.swift; path = FavoritesView.swift; sourceTree = "<group>"; };
		772794B12D18B0F500FE615B /* SearchBar.swift */ = {isa = PBXFileReference; fileEncoding = 4; lastKnownFileType = sourcecode.swift; path = SearchBar.swift; sourceTree = "<group>"; };
		772794B32D18B0FE00FE615B /* Tabs.swift */ = {isa = PBXFileReference; fileEncoding = 4; lastKnownFileType = sourcecode.swift; path = Tabs.swift; sourceTree = "<group>"; };
		772794B52D18B10A00FE615B /* Techniques.swift */ = {isa = PBXFileReference; fileEncoding = 4; lastKnownFileType = sourcecode.swift; path = Techniques.swift; sourceTree = "<group>"; };
		772794B62D18B10A00FE615B /* WhenToSeekHelpView.swift */ = {isa = PBXFileReference; fileEncoding = 4; lastKnownFileType = sourcecode.swift; path = WhenToSeekHelpView.swift; sourceTree = "<group>"; };
		772794B72D18B10A00FE615B /* UserGuideView.swift */ = {isa = PBXFileReference; fileEncoding = 4; lastKnownFileType = sourcecode.swift; path = UserGuideView.swift; sourceTree = "<group>"; };
		772794B82D18B10A00FE615B /* techniquesDetailView.swift */ = {isa = PBXFileReference; fileEncoding = 4; lastKnownFileType = sourcecode.swift; path = techniquesDetailView.swift; sourceTree = "<group>"; };
		772794BD2D18B4D100FE615B /* Launch Screen.storyboard */ = {isa = PBXFileReference; lastKnownFileType = file.storyboard; path = "Launch Screen.storyboard"; sourceTree = "<group>"; };
		7744BE9E2D19ABE7007AD3CF /* VoiceAssistance.swift */ = {isa = PBXFileReference; lastKnownFileType = sourcecode.swift; path = VoiceAssistance.swift; sourceTree = "<group>"; };
		7744BEA02D19B050007AD3CF /* Info.plist */ = {isa = PBXFileReference; lastKnownFileType = text.plist; path = Info.plist; sourceTree = "<group>"; };
		776A936B2D1BFC8200BA5187 /* NotificationManager.swift */ = {isa = PBXFileReference; lastKnownFileType = sourcecode.swift; path = NotificationManager.swift; sourceTree = "<group>"; };
		776A936D2D1BFF8900BA5187 /* ReminderView.swift */ = {isa = PBXFileReference; lastKnownFileType = sourcecode.swift; path = ReminderView.swift; sourceTree = "<group>"; };
		776A936F2D1C116400BA5187 /* ChecklistView.swift */ = {isa = PBXFileReference; lastKnownFileType = sourcecode.swift; path = ChecklistView.swift; sourceTree = "<group>"; };
		77C876F32D282F76004A6C7B /* ChatbotAPI.swift */ = {isa = PBXFileReference; lastKnownFileType = sourcecode.swift; path = ChatbotAPI.swift; sourceTree = "<group>"; };
		77E1FF9D2D1D8A0400993D59 /* ChatBotView.swift */ = {isa = PBXFileReference; lastKnownFileType = sourcecode.swift; path = ChatBotView.swift; sourceTree = "<group>"; };
		77F59C772D1ADA6E0065FFD5 /* LocationManager.swift */ = {isa = PBXFileReference; lastKnownFileType = sourcecode.swift; path = LocationManager.swift; sourceTree = "<group>"; };
		77F59C792D1ADFFB0065FFD5 /* NearbyServicesView.swift */ = {isa = PBXFileReference; lastKnownFileType = sourcecode.swift; path = NearbyServicesView.swift; sourceTree = "<group>"; };
		77F59C7B2D1AE9790065FFD5 /* MenuView.swift */ = {isa = PBXFileReference; lastKnownFileType = sourcecode.swift; path = MenuView.swift; sourceTree = "<group>"; };
		77F59C7D2D1AF1E30065FFD5 /* PharmacyView.swift */ = {isa = PBXFileReference; lastKnownFileType = sourcecode.swift; path = PharmacyView.swift; sourceTree = "<group>"; };
/* End PBXFileReference section */

/* Begin PBXFrameworksBuildPhase section */
		772794972D18B00600FE615B /* Frameworks */ = {
			isa = PBXFrameworksBuildPhase;
			buildActionMask = 2147483647;
			files = (
			);
			runOnlyForDeploymentPostprocessing = 0;
		};
/* End PBXFrameworksBuildPhase section */

/* Begin PBXGroup section */
		772794912D18B00600FE615B = {
			isa = PBXGroup;
			children = (
				77F59C802D1AF2C40065FFD5 /* View */,
				772794BD2D18B4D100FE615B /* Launch Screen.storyboard */,
				7727949C2D18B00600FE615B /* FirstAidGuide */,
				7727949B2D18B00600FE615B /* Products */,
			);
			sourceTree = "<group>";
		};
		7727949B2D18B00600FE615B /* Products */ = {
			isa = PBXGroup;
			children = (
				7727949A2D18B00600FE615B /* FirstAidGuide.app */,
			);
			name = Products;
			sourceTree = "<group>";
		};
		7727949C2D18B00600FE615B /* FirstAidGuide */ = {
			isa = PBXGroup;
			children = (
				7744BEA02D19B050007AD3CF /* Info.plist */,
				772794B32D18B0FE00FE615B /* Tabs.swift */,
				7727949F2D18B00600FE615B /* ContentView.swift */,
				772794AB2D18B03E00FE615B /* EmergencyContactView.swift */,
				772794AD2D18B06B00FE615B /* EmergencyInfoView.swift */,
				772794AF2D18B0A500FE615B /* FavoritesView.swift */,
				772794B12D18B0F500FE615B /* SearchBar.swift */,
				772794B82D18B10A00FE615B /* techniquesDetailView.swift */,
				772794B72D18B10A00FE615B /* UserGuideView.swift */,
				772794B62D18B10A00FE615B /* WhenToSeekHelpView.swift */,
				7727949D2D18B00600FE615B /* FirstAidGuideApp.swift */,
				772794B52D18B10A00FE615B /* Techniques.swift */,
				7744BE9E2D19ABE7007AD3CF /* VoiceAssistance.swift */,
				77F59C792D1ADFFB0065FFD5 /* NearbyServicesView.swift */,
				77F59C772D1ADA6E0065FFD5 /* LocationManager.swift */,
				77F59C7B2D1AE9790065FFD5 /* MenuView.swift */,
				77F59C7D2D1AF1E30065FFD5 /* PharmacyView.swift */,
				776A936B2D1BFC8200BA5187 /* NotificationManager.swift */,
				776A936D2D1BFF8900BA5187 /* ReminderView.swift */,
				776A936F2D1C116400BA5187 /* ChecklistView.swift */,
				77E1FF9D2D1D8A0400993D59 /* ChatBotView.swift */,
				77C876F32D282F76004A6C7B /* ChatbotAPI.swift */,
				772794A12D18B00700FE615B /* Assets.xcassets */,
				772794A32D18B00700FE615B /* Preview Content */,
			);
			path = FirstAidGuide;
			sourceTree = "<group>";
		};
		772794A32D18B00700FE615B /* Preview Content */ = {
			isa = PBXGroup;
			children = (
				772794A42D18B00700FE615B /* Preview Assets.xcassets */,
			);
			path = "Preview Content";
			sourceTree = "<group>";
		};
		77F59C802D1AF2C40065FFD5 /* View */ = {
			isa = PBXGroup;
			children = (
			);
			path = View;
			sourceTree = "<group>";
		};
/* End PBXGroup section */

/* Begin PBXNativeTarget section */
		772794992D18B00600FE615B /* FirstAidGuide */ = {
			isa = PBXNativeTarget;
			buildConfigurationList = 772794A82D18B00700FE615B /* Build configuration list for PBXNativeTarget "FirstAidGuide" */;
			buildPhases = (
				772794962D18B00600FE615B /* Sources */,
				772794972D18B00600FE615B /* Frameworks */,
				772794982D18B00600FE615B /* Resources */,
				776A938D2D1C5A2500BA5187 /* Embed Foundation Extensions */,
			);
			buildRules = (
			);
			dependencies = (
			);
			name = FirstAidGuide;
			packageProductDependencies = (
			);
			productName = FirstAidGuide;
			productReference = 7727949A2D18B00600FE615B /* FirstAidGuide.app */;
			productType = "com.apple.product-type.application";
		};
/* End PBXNativeTarget section */

/* Begin PBXProject section */
		772794922D18B00600FE615B /* Project object */ = {
			isa = PBXProject;
			attributes = {
				BuildIndependentTargetsInParallel = 1;
				LastSwiftUpdateCheck = 1540;
				LastUpgradeCheck = 1540;
				TargetAttributes = {
					772794992D18B00600FE615B = {
						CreatedOnToolsVersion = 15.4;
					};
				};
			};
			buildConfigurationList = 772794952D18B00600FE615B /* Build configuration list for PBXProject "FirstAidGuide" */;
			compatibilityVersion = "Xcode 14.0";
			developmentRegion = en;
			hasScannedForEncodings = 0;
			knownRegions = (
				en,
				Base,
			);
			mainGroup = 772794912D18B00600FE615B;
			packageReferences = (
			);
			productRefGroup = 7727949B2D18B00600FE615B /* Products */;
			projectDirPath = "";
			projectRoot = "";
			targets = (
				772794992D18B00600FE615B /* FirstAidGuide */,
			);
		};
/* End PBXProject section */

/* Begin PBXResourcesBuildPhase section */
		772794982D18B00600FE615B /* Resources */ = {
			isa = PBXResourcesBuildPhase;
			buildActionMask = 2147483647;
			files = (
				772794BE2D18B4D100FE615B /* Launch Screen.storyboard in Resources */,
				772794A52D18B00700FE615B /* Preview Assets.xcassets in Resources */,
				772794A22D18B00700FE615B /* Assets.xcassets in Resources */,
			);
			runOnlyForDeploymentPostprocessing = 0;
		};
/* End PBXResourcesBuildPhase section */

/* Begin PBXSourcesBuildPhase section */
		772794962D18B00600FE615B /* Sources */ = {
			isa = PBXSourcesBuildPhase;
			buildActionMask = 2147483647;
			files = (
				772794B42D18B0FE00FE615B /* Tabs.swift in Sources */,
				776A936C2D1BFC8200BA5187 /* NotificationManager.swift in Sources */,
				772794B02D18B0A500FE615B /* FavoritesView.swift in Sources */,
				77C876F42D282F76004A6C7B /* ChatbotAPI.swift in Sources */,
				7744BE9F2D19ABE8007AD3CF /* VoiceAssistance.swift in Sources */,
				772794AE2D18B06B00FE615B /* EmergencyInfoView.swift in Sources */,
				772794A02D18B00600FE615B /* ContentView.swift in Sources */,
				772794BA2D18B10A00FE615B /* WhenToSeekHelpView.swift in Sources */,
				772794B92D18B10A00FE615B /* Techniques.swift in Sources */,
				7727949E2D18B00600FE615B /* FirstAidGuideApp.swift in Sources */,
				776A93702D1C116400BA5187 /* ChecklistView.swift in Sources */,
				772794AC2D18B03E00FE615B /* EmergencyContactView.swift in Sources */,
				772794BB2D18B10A00FE615B /* UserGuideView.swift in Sources */,
				77F59C7C2D1AE9790065FFD5 /* MenuView.swift in Sources */,
				772794BC2D18B10A00FE615B /* techniquesDetailView.swift in Sources */,
				77F59C7A2D1ADFFB0065FFD5 /* NearbyServicesView.swift in Sources */,
				776A936E2D1BFF8900BA5187 /* ReminderView.swift in Sources */,
				77E1FF9E2D1D8A0500993D59 /* ChatBotView.swift in Sources */,
				77F59C7E2D1AF1E30065FFD5 /* PharmacyView.swift in Sources */,
				772794B22D18B0F600FE615B /* SearchBar.swift in Sources */,
				77F59C782D1ADA6E0065FFD5 /* LocationManager.swift in Sources */,
			);
			runOnlyForDeploymentPostprocessing = 0;
		};
/* End PBXSourcesBuildPhase section */

/* Begin XCBuildConfiguration section */
		772794A62D18B00700FE615B /* Debug */ = {
			isa = XCBuildConfiguration;
			buildSettings = {
				ALWAYS_SEARCH_USER_PATHS = NO;
				ASSETCATALOG_COMPILER_GENERATE_SWIFT_ASSET_SYMBOL_EXTENSIONS = YES;
				CLANG_ANALYZER_NONNULL = YES;
				CLANG_ANALYZER_NUMBER_OBJECT_CONVERSION = YES_AGGRESSIVE;
				CLANG_CXX_LANGUAGE_STANDARD = "gnu++20";
				CLANG_ENABLE_MODULES = YES;
				CLANG_ENABLE_OBJC_ARC = YES;
				CLANG_ENABLE_OBJC_WEAK = YES;
				CLANG_WARN_BLOCK_CAPTURE_AUTORELEASING = YES;
				CLANG_WARN_BOOL_CONVERSION = YES;
				CLANG_WARN_COMMA = YES;
				CLANG_WARN_CONSTANT_CONVERSION = YES;
				CLANG_WARN_DEPRECATED_OBJC_IMPLEMENTATIONS = YES;
				CLANG_WARN_DIRECT_OBJC_ISA_USAGE = YES_ERROR;
				CLANG_WARN_DOCUMENTATION_COMMENTS = YES;
				CLANG_WARN_EMPTY_BODY = YES;
				CLANG_WARN_ENUM_CONVERSION = YES;
				CLANG_WARN_INFINITE_RECURSION = YES;
				CLANG_WARN_INT_CONVERSION = YES;
				CLANG_WARN_NON_LITERAL_NULL_CONVERSION = YES;
				CLANG_WARN_OBJC_IMPLICIT_RETAIN_SELF = YES;
				CLANG_WARN_OBJC_LITERAL_CONVERSION = YES;
				CLANG_WARN_OBJC_ROOT_CLASS = YES_ERROR;
				CLANG_WARN_QUOTED_INCLUDE_IN_FRAMEWORK_HEADER = YES;
				CLANG_WARN_RANGE_LOOP_ANALYSIS = YES;
				CLANG_WARN_STRICT_PROTOTYPES = YES;
				CLANG_WARN_SUSPICIOUS_MOVE = YES;
				CLANG_WARN_UNGUARDED_AVAILABILITY = YES_AGGRESSIVE;
				CLANG_WARN_UNREACHABLE_CODE = YES;
				CLANG_WARN__DUPLICATE_METHOD_MATCH = YES;
				COPY_PHASE_STRIP = NO;
				DEBUG_INFORMATION_FORMAT = dwarf;
				ENABLE_STRICT_OBJC_MSGSEND = YES;
				ENABLE_TESTABILITY = YES;
				ENABLE_USER_SCRIPT_SANDBOXING = YES;
				GCC_C_LANGUAGE_STANDARD = gnu17;
				GCC_DYNAMIC_NO_PIC = NO;
				GCC_NO_COMMON_BLOCKS = YES;
				GCC_OPTIMIZATION_LEVEL = 0;
				GCC_PREPROCESSOR_DEFINITIONS = (
					"DEBUG=1",
					"$(inherited)",
				);
				GCC_WARN_64_TO_32_BIT_CONVERSION = YES;
				GCC_WARN_ABOUT_RETURN_TYPE = YES_ERROR;
				GCC_WARN_UNDECLARED_SELECTOR = YES;
				GCC_WARN_UNINITIALIZED_AUTOS = YES_AGGRESSIVE;
				GCC_WARN_UNUSED_FUNCTION = YES;
				GCC_WARN_UNUSED_VARIABLE = YES;
				IPHONEOS_DEPLOYMENT_TARGET = 17.5;
				LOCALIZATION_PREFERS_STRING_CATALOGS = YES;
				MTL_ENABLE_DEBUG_INFO = INCLUDE_SOURCE;
				MTL_FAST_MATH = YES;
				ONLY_ACTIVE_ARCH = YES;
				SDKROOT = iphoneos;
				SWIFT_ACTIVE_COMPILATION_CONDITIONS = "DEBUG $(inherited)";
				SWIFT_OPTIMIZATION_LEVEL = "-Onone";
			};
			name = Debug;
		};
		772794A72D18B00700FE615B /* Release */ = {
			isa = XCBuildConfiguration;
			buildSettings = {
				ALWAYS_SEARCH_USER_PATHS = NO;
				ASSETCATALOG_COMPILER_GENERATE_SWIFT_ASSET_SYMBOL_EXTENSIONS = YES;
				CLANG_ANALYZER_NONNULL = YES;
				CLANG_ANALYZER_NUMBER_OBJECT_CONVERSION = YES_AGGRESSIVE;
				CLANG_CXX_LANGUAGE_STANDARD = "gnu++20";
				CLANG_ENABLE_MODULES = YES;
				CLANG_ENABLE_OBJC_ARC = YES;
				CLANG_ENABLE_OBJC_WEAK = YES;
				CLANG_WARN_BLOCK_CAPTURE_AUTORELEASING = YES;
				CLANG_WARN_BOOL_CONVERSION = YES;
				CLANG_WARN_COMMA = YES;
				CLANG_WARN_CONSTANT_CONVERSION = YES;
				CLANG_WARN_DEPRECATED_OBJC_IMPLEMENTATIONS = YES;
				CLANG_WARN_DIRECT_OBJC_ISA_USAGE = YES_ERROR;
				CLANG_WARN_DOCUMENTATION_COMMENTS = YES;
				CLANG_WARN_EMPTY_BODY = YES;
				CLANG_WARN_ENUM_CONVERSION = YES;
				CLANG_WARN_INFINITE_RECURSION = YES;
				CLANG_WARN_INT_CONVERSION = YES;
				CLANG_WARN_NON_LITERAL_NULL_CONVERSION = YES;
				CLANG_WARN_OBJC_IMPLICIT_RETAIN_SELF = YES;
				CLANG_WARN_OBJC_LITERAL_CONVERSION = YES;
				CLANG_WARN_OBJC_ROOT_CLASS = YES_ERROR;
				CLANG_WARN_QUOTED_INCLUDE_IN_FRAMEWORK_HEADER = YES;
				CLANG_WARN_RANGE_LOOP_ANALYSIS = YES;
				CLANG_WARN_STRICT_PROTOTYPES = YES;
				CLANG_WARN_SUSPICIOUS_MOVE = YES;
				CLANG_WARN_UNGUARDED_AVAILABILITY = YES_AGGRESSIVE;
				CLANG_WARN_UNREACHABLE_CODE = YES;
				CLANG_WARN__DUPLICATE_METHOD_MATCH = YES;
				COPY_PHASE_STRIP = NO;
				DEBUG_INFORMATION_FORMAT = "dwarf-with-dsym";
				ENABLE_NS_ASSERTIONS = NO;
				ENABLE_STRICT_OBJC_MSGSEND = YES;
				ENABLE_USER_SCRIPT_SANDBOXING = YES;
				GCC_C_LANGUAGE_STANDARD = gnu17;
				GCC_NO_COMMON_BLOCKS = YES;
				GCC_WARN_64_TO_32_BIT_CONVERSION = YES;
				GCC_WARN_ABOUT_RETURN_TYPE = YES_ERROR;
				GCC_WARN_UNDECLARED_SELECTOR = YES;
				GCC_WARN_UNINITIALIZED_AUTOS = YES_AGGRESSIVE;
				GCC_WARN_UNUSED_FUNCTION = YES;
				GCC_WARN_UNUSED_VARIABLE = YES;
				IPHONEOS_DEPLOYMENT_TARGET = 17.5;
				LOCALIZATION_PREFERS_STRING_CATALOGS = YES;
				MTL_ENABLE_DEBUG_INFO = NO;
				MTL_FAST_MATH = YES;
				SDKROOT = iphoneos;
				SWIFT_COMPILATION_MODE = wholemodule;
				VALIDATE_PRODUCT = YES;
			};
			name = Release;
		};
		772794A92D18B00700FE615B /* Debug */ = {
			isa = XCBuildConfiguration;
			buildSettings = {
				ASSETCATALOG_COMPILER_APPICON_NAME = AppIcon;
				ASSETCATALOG_COMPILER_GLOBAL_ACCENT_COLOR_NAME = AccentColor;
				CODE_SIGN_ENTITLEMENTS = "";
				CODE_SIGN_STYLE = Automatic;
				CURRENT_PROJECT_VERSION = 1;
				DEVELOPMENT_ASSET_PATHS = "\"FirstAidGuide/Preview Content\"";
				DEVELOPMENT_TEAM = Z9697UVR8J;
				ENABLE_PREVIEWS = YES;
				GENERATE_INFOPLIST_FILE = YES;
				INFOPLIST_FILE = FirstAidGuide/Info.plist;
				INFOPLIST_KEY_LSApplicationCategoryType = NSAllowsArbitraryLoads;
				INFOPLIST_KEY_NSLocationWhenInUseUsageDescription = "We need your location to find nearby emergency services.";
				INFOPLIST_KEY_NSMicrophoneUsageDescription = "We need microphone access to provide voice-based guidance.";
				INFOPLIST_KEY_NSSpeechRecognitionUsageDescription = "We need speech recognition to provide voice instructions during emergencies.";
				INFOPLIST_KEY_UIApplicationSceneManifest_Generation = YES;
				INFOPLIST_KEY_UIApplicationSupportsIndirectInputEvents = YES;
				INFOPLIST_KEY_UILaunchScreen_Generation = YES;
				INFOPLIST_KEY_UILaunchStoryboardName = "Launch Screen.storyboard";
				INFOPLIST_KEY_UISupportedInterfaceOrientations = UIInterfaceOrientationPortrait;
				INFOPLIST_KEY_UISupportedInterfaceOrientations_iPad = "UIInterfaceOrientationLandscapeLeft UIInterfaceOrientationLandscapeRight UIInterfaceOrientationPortrait UIInterfaceOrientationPortraitUpsideDown";
				LD_RUNPATH_SEARCH_PATHS = (
					"$(inherited)",
					"@executable_path/Frameworks",
				);
				MARKETING_VERSION = 1.0;
				PRODUCT_BUNDLE_IDENTIFIER = itkhld.dev.FirstAidGuide;
				PRODUCT_NAME = "$(TARGET_NAME)";
				SWIFT_EMIT_LOC_STRINGS = YES;
				SWIFT_VERSION = 5.0;
				TARGETED_DEVICE_FAMILY = "1,2";
			};
			name = Debug;
		};
		772794AA2D18B00700FE615B /* Release */ = {
			isa = XCBuildConfiguration;
			buildSettings = {
				ASSETCATALOG_COMPILER_APPICON_NAME = AppIcon;
				ASSETCATALOG_COMPILER_GLOBAL_ACCENT_COLOR_NAME = AccentColor;
				CODE_SIGN_ENTITLEMENTS = "";
				CODE_SIGN_STYLE = Automatic;
				CURRENT_PROJECT_VERSION = 1;
				DEVELOPMENT_ASSET_PATHS = "\"FirstAidGuide/Preview Content\"";
				DEVELOPMENT_TEAM = Z9697UVR8J;
				ENABLE_PREVIEWS = YES;
				GENERATE_INFOPLIST_FILE = YES;
				INFOPLIST_FILE = FirstAidGuide/Info.plist;
				INFOPLIST_KEY_LSApplicationCategoryType = NSAllowsArbitraryLoads;
				INFOPLIST_KEY_NSLocationWhenInUseUsageDescription = "We need your location to find nearby emergency services.";
				INFOPLIST_KEY_NSMicrophoneUsageDescription = "We need microphone access to provide voice-based guidance.";
				INFOPLIST_KEY_NSSpeechRecognitionUsageDescription = "We need speech recognition to provide voice instructions during emergencies.";
				INFOPLIST_KEY_UIApplicationSceneManifest_Generation = YES;
				INFOPLIST_KEY_UIApplicationSupportsIndirectInputEvents = YES;
				INFOPLIST_KEY_UILaunchScreen_Generation = YES;
				INFOPLIST_KEY_UILaunchStoryboardName = "Launch Screen.storyboard";
				INFOPLIST_KEY_UISupportedInterfaceOrientations = UIInterfaceOrientationPortrait;
				INFOPLIST_KEY_UISupportedInterfaceOrientations_iPad = "UIInterfaceOrientationLandscapeLeft UIInterfaceOrientationLandscapeRight UIInterfaceOrientationPortrait UIInterfaceOrientationPortraitUpsideDown";
				LD_RUNPATH_SEARCH_PATHS = (
					"$(inherited)",
					"@executable_path/Frameworks",
				);
				MARKETING_VERSION = 1.0;
				PRODUCT_BUNDLE_IDENTIFIER = itkhld.dev.FirstAidGuide;
				PRODUCT_NAME = "$(TARGET_NAME)";
				SWIFT_EMIT_LOC_STRINGS = YES;
				SWIFT_VERSION = 5.0;
				TARGETED_DEVICE_FAMILY = "1,2";
			};
			name = Release;
		};
/* End XCBuildConfiguration section */

/* Begin XCConfigurationList section */
		772794952D18B00600FE615B /* Build configuration list for PBXProject "FirstAidGuide" */ = {
			isa = XCConfigurationList;
			buildConfigurations = (
				772794A62D18B00700FE615B /* Debug */,
				772794A72D18B00700FE615B /* Release */,
			);
			defaultConfigurationIsVisible = 0;
			defaultConfigurationName = Release;
		};
		772794A82D18B00700FE615B /* Build configuration list for PBXNativeTarget "FirstAidGuide" */ = {
			isa = XCConfigurationList;
			buildConfigurations = (
				772794A92D18B00700FE615B /* Debug */,
				772794AA2D18B00700FE615B /* Release */,
			);
			defaultConfigurationIsVisible = 0;
			defaultConfigurationName = Release;
		};
/* End XCConfigurationList section */
	};
	rootObject = 772794922D18B00600FE615B /* Project object */;
}
